// !$*UTF8*$!
{
	archiveVersion = 1;
	classes = {
	};
	objectVersion = 50;
	objects = {

/* Begin PBXBuildFile section */
		0D06979BD377D91203A65376 /* Pods_PizzaRealmSpike.framework in Frameworks */ = {isa = PBXBuildFile; fileRef = 9CC0EDFD85F47856B61B5BEF /* Pods_PizzaRealmSpike.framework */; };
		74598DF22204971200B101A2 /* AppDelegate.swift in Sources */ = {isa = PBXBuildFile; fileRef = 74598DF12204971200B101A2 /* AppDelegate.swift */; };
		74598DF42204971200B101A2 /* ViewController.swift in Sources */ = {isa = PBXBuildFile; fileRef = 74598DF32204971200B101A2 /* ViewController.swift */; };
		74598DF72204971200B101A2 /* Main.storyboard in Resources */ = {isa = PBXBuildFile; fileRef = 74598DF52204971200B101A2 /* Main.storyboard */; };
		74598DF92204971200B101A2 /* Assets.xcassets in Resources */ = {isa = PBXBuildFile; fileRef = 74598DF82204971200B101A2 /* Assets.xcassets */; };
		74598DFC2204971200B101A2 /* LaunchScreen.storyboard in Resources */ = {isa = PBXBuildFile; fileRef = 74598DFA2204971200B101A2 /* LaunchScreen.storyboard */; };
		74598E072204971300B101A2 /* PizzaRealmSpikeTests.swift in Sources */ = {isa = PBXBuildFile; fileRef = 74598E062204971300B101A2 /* PizzaRealmSpikeTests.swift */; };
		74598E122204971300B101A2 /* PizzaRealmSpikeUITests.swift in Sources */ = {isa = PBXBuildFile; fileRef = 74598E112204971300B101A2 /* PizzaRealmSpikeUITests.swift */; };
		74598E202204978200B101A2 /* Pizza.swift in Sources */ = {isa = PBXBuildFile; fileRef = 74598E1F2204978200B101A2 /* Pizza.swift */; };
		74598E22220498A100B101A2 /* PizzaReponsitory.swift in Sources */ = {isa = PBXBuildFile; fileRef = 74598E21220498A100B101A2 /* PizzaReponsitory.swift */; };
		C66DAD73A901E46F7F1C907A /* Pods_PizzaRealmSpikeTests.framework in Frameworks */ = {isa = PBXBuildFile; fileRef = 813BDDBA4C678B33EA829E81 /* Pods_PizzaRealmSpikeTests.framework */; };
		C728318F0A90351DB2D1ED2E /* Pods_PizzaRealmSpikeUITests.framework in Frameworks */ = {isa = PBXBuildFile; fileRef = E1C8A55FBF5723F122CFF4F9 /* Pods_PizzaRealmSpikeUITests.framework */; };
/* End PBXBuildFile section */

/* Begin PBXContainerItemProxy section */
		74598E032204971300B101A2 /* PBXContainerItemProxy */ = {
			isa = PBXContainerItemProxy;
			containerPortal = 74598DE62204971200B101A2 /* Project object */;
			proxyType = 1;
			remoteGlobalIDString = 74598DED2204971200B101A2;
			remoteInfo = PizzaRealmSpike;
		};
		74598E0E2204971300B101A2 /* PBXContainerItemProxy */ = {
			isa = PBXContainerItemProxy;
			containerPortal = 74598DE62204971200B101A2 /* Project object */;
			proxyType = 1;
			remoteGlobalIDString = 74598DED2204971200B101A2;
			remoteInfo = PizzaRealmSpike;
		};
/* End PBXContainerItemProxy section */

/* Begin PBXFileReference section */
		3AB9E59A1F891B2EE7C821D6 /* Pods-PizzaRealmSpikeUITests.release.xcconfig */ = {isa = PBXFileReference; includeInIndex = 1; lastKnownFileType = text.xcconfig; name = "Pods-PizzaRealmSpikeUITests.release.xcconfig"; path = "Pods/Target Support Files/Pods-PizzaRealmSpikeUITests/Pods-PizzaRealmSpikeUITests.release.xcconfig"; sourceTree = "<group>"; };
		3FD74B5742B860AA3901BEBB /* Pods-PizzaRealmSpike.release.xcconfig */ = {isa = PBXFileReference; includeInIndex = 1; lastKnownFileType = text.xcconfig; name = "Pods-PizzaRealmSpike.release.xcconfig"; path = "Pods/Target Support Files/Pods-PizzaRealmSpike/Pods-PizzaRealmSpike.release.xcconfig"; sourceTree = "<group>"; };
		5C184BC5733A1E6C6B6B5AAB /* Pods-PizzaRealmSpikeTests.debug.xcconfig */ = {isa = PBXFileReference; includeInIndex = 1; lastKnownFileType = text.xcconfig; name = "Pods-PizzaRealmSpikeTests.debug.xcconfig"; path = "Pods/Target Support Files/Pods-PizzaRealmSpikeTests/Pods-PizzaRealmSpikeTests.debug.xcconfig"; sourceTree = "<group>"; };
		6CF62F548DD07BFEED12DEC9 /* Pods-PizzaRealmSpikeTests.release.xcconfig */ = {isa = PBXFileReference; includeInIndex = 1; lastKnownFileType = text.xcconfig; name = "Pods-PizzaRealmSpikeTests.release.xcconfig"; path = "Pods/Target Support Files/Pods-PizzaRealmSpikeTests/Pods-PizzaRealmSpikeTests.release.xcconfig"; sourceTree = "<group>"; };
		74598DEE2204971200B101A2 /* PizzaRealmSpike.app */ = {isa = PBXFileReference; explicitFileType = wrapper.application; includeInIndex = 0; path = PizzaRealmSpike.app; sourceTree = BUILT_PRODUCTS_DIR; };
		74598DF12204971200B101A2 /* AppDelegate.swift */ = {isa = PBXFileReference; lastKnownFileType = sourcecode.swift; path = AppDelegate.swift; sourceTree = "<group>"; };
		74598DF32204971200B101A2 /* ViewController.swift */ = {isa = PBXFileReference; lastKnownFileType = sourcecode.swift; path = ViewController.swift; sourceTree = "<group>"; };
		74598DF62204971200B101A2 /* Base */ = {isa = PBXFileReference; lastKnownFileType = file.storyboard; name = Base; path = Base.lproj/Main.storyboard; sourceTree = "<group>"; };
		74598DF82204971200B101A2 /* Assets.xcassets */ = {isa = PBXFileReference; lastKnownFileType = folder.assetcatalog; path = Assets.xcassets; sourceTree = "<group>"; };
		74598DFB2204971200B101A2 /* Base */ = {isa = PBXFileReference; lastKnownFileType = file.storyboard; name = Base; path = Base.lproj/LaunchScreen.storyboard; sourceTree = "<group>"; };
		74598DFD2204971200B101A2 /* Info.plist */ = {isa = PBXFileReference; lastKnownFileType = text.plist.xml; path = Info.plist; sourceTree = "<group>"; };
		74598E022204971300B101A2 /* PizzaRealmSpikeTests.xctest */ = {isa = PBXFileReference; explicitFileType = wrapper.cfbundle; includeInIndex = 0; path = PizzaRealmSpikeTests.xctest; sourceTree = BUILT_PRODUCTS_DIR; };
		74598E062204971300B101A2 /* PizzaRealmSpikeTests.swift */ = {isa = PBXFileReference; lastKnownFileType = sourcecode.swift; path = PizzaRealmSpikeTests.swift; sourceTree = "<group>"; };
		74598E082204971300B101A2 /* Info.plist */ = {isa = PBXFileReference; lastKnownFileType = text.plist.xml; path = Info.plist; sourceTree = "<group>"; };
		74598E0D2204971300B101A2 /* PizzaRealmSpikeUITests.xctest */ = {isa = PBXFileReference; explicitFileType = wrapper.cfbundle; includeInIndex = 0; path = PizzaRealmSpikeUITests.xctest; sourceTree = BUILT_PRODUCTS_DIR; };
		74598E112204971300B101A2 /* PizzaRealmSpikeUITests.swift */ = {isa = PBXFileReference; lastKnownFileType = sourcecode.swift; path = PizzaRealmSpikeUITests.swift; sourceTree = "<group>"; };
		74598E132204971300B101A2 /* Info.plist */ = {isa = PBXFileReference; lastKnownFileType = text.plist.xml; path = Info.plist; sourceTree = "<group>"; };
		74598E1F2204978200B101A2 /* Pizza.swift */ = {isa = PBXFileReference; lastKnownFileType = sourcecode.swift; path = Pizza.swift; sourceTree = "<group>"; };
		74598E21220498A100B101A2 /* PizzaReponsitory.swift */ = {isa = PBXFileReference; lastKnownFileType = sourcecode.swift; path = PizzaReponsitory.swift; sourceTree = "<group>"; };
		813BDDBA4C678B33EA829E81 /* Pods_PizzaRealmSpikeTests.framework */ = {isa = PBXFileReference; explicitFileType = wrapper.framework; includeInIndex = 0; path = Pods_PizzaRealmSpikeTests.framework; sourceTree = BUILT_PRODUCTS_DIR; };
		9CC0EDFD85F47856B61B5BEF /* Pods_PizzaRealmSpike.framework */ = {isa = PBXFileReference; explicitFileType = wrapper.framework; includeInIndex = 0; path = Pods_PizzaRealmSpike.framework; sourceTree = BUILT_PRODUCTS_DIR; };
		C4FC971C6CF257B2BD97AD1A /* Pods-PizzaRealmSpike.debug.xcconfig */ = {isa = PBXFileReference; includeInIndex = 1; lastKnownFileType = text.xcconfig; name = "Pods-PizzaRealmSpike.debug.xcconfig"; path = "Pods/Target Support Files/Pods-PizzaRealmSpike/Pods-PizzaRealmSpike.debug.xcconfig"; sourceTree = "<group>"; };
		E1C8A55FBF5723F122CFF4F9 /* Pods_PizzaRealmSpikeUITests.framework */ = {isa = PBXFileReference; explicitFileType = wrapper.framework; includeInIndex = 0; path = Pods_PizzaRealmSpikeUITests.framework; sourceTree = BUILT_PRODUCTS_DIR; };
		F23CEF9E0126859FD0C26A55 /* Pods-PizzaRealmSpikeUITests.debug.xcconfig */ = {isa = PBXFileReference; includeInIndex = 1; lastKnownFileType = text.xcconfig; name = "Pods-PizzaRealmSpikeUITests.debug.xcconfig"; path = "Pods/Target Support Files/Pods-PizzaRealmSpikeUITests/Pods-PizzaRealmSpikeUITests.debug.xcconfig"; sourceTree = "<group>"; };
/* End PBXFileReference section */

/* Begin PBXFrameworksBuildPhase section */
		74598DEB2204971200B101A2 /* Frameworks */ = {
			isa = PBXFrameworksBuildPhase;
			buildActionMask = 2147483647;
			files = (
				0D06979BD377D91203A65376 /* Pods_PizzaRealmSpike.framework in Frameworks */,
			);
			runOnlyForDeploymentPostprocessing = 0;
		};
		74598DFF2204971300B101A2 /* Frameworks */ = {
			isa = PBXFrameworksBuildPhase;
			buildActionMask = 2147483647;
			files = (
				C66DAD73A901E46F7F1C907A /* Pods_PizzaRealmSpikeTests.framework in Frameworks */,
			);
			runOnlyForDeploymentPostprocessing = 0;
		};
		74598E0A2204971300B101A2 /* Frameworks */ = {
			isa = PBXFrameworksBuildPhase;
			buildActionMask = 2147483647;
			files = (
				C728318F0A90351DB2D1ED2E /* Pods_PizzaRealmSpikeUITests.framework in Frameworks */,
			);
			runOnlyForDeploymentPostprocessing = 0;
		};
/* End PBXFrameworksBuildPhase section */

/* Begin PBXGroup section */
		28CCD2B220C1326CD0A61059 /* Pods */ = {
			isa = PBXGroup;
			children = (
				C4FC971C6CF257B2BD97AD1A /* Pods-PizzaRealmSpike.debug.xcconfig */,
				3FD74B5742B860AA3901BEBB /* Pods-PizzaRealmSpike.release.xcconfig */,
				5C184BC5733A1E6C6B6B5AAB /* Pods-PizzaRealmSpikeTests.debug.xcconfig */,
				6CF62F548DD07BFEED12DEC9 /* Pods-PizzaRealmSpikeTests.release.xcconfig */,
				F23CEF9E0126859FD0C26A55 /* Pods-PizzaRealmSpikeUITests.debug.xcconfig */,
				3AB9E59A1F891B2EE7C821D6 /* Pods-PizzaRealmSpikeUITests.release.xcconfig */,
			);
			name = Pods;
			sourceTree = "<group>";
		};
		74598DE52204971200B101A2 = {
			isa = PBXGroup;
			children = (
				74598DF02204971200B101A2 /* PizzaRealmSpike */,
				74598E052204971300B101A2 /* PizzaRealmSpikeTests */,
				74598E102204971300B101A2 /* PizzaRealmSpikeUITests */,
				74598DEF2204971200B101A2 /* Products */,
				28CCD2B220C1326CD0A61059 /* Pods */,
				978F225FBCAA8F17CC0FAD69 /* Frameworks */,
			);
			sourceTree = "<group>";
		};
		74598DEF2204971200B101A2 /* Products */ = {
			isa = PBXGroup;
			children = (
				74598DEE2204971200B101A2 /* PizzaRealmSpike.app */,
				74598E022204971300B101A2 /* PizzaRealmSpikeTests.xctest */,
				74598E0D2204971300B101A2 /* PizzaRealmSpikeUITests.xctest */,
			);
			name = Products;
			sourceTree = "<group>";
		};
		74598DF02204971200B101A2 /* PizzaRealmSpike */ = {
			isa = PBXGroup;
			children = (
				74598DF12204971200B101A2 /* AppDelegate.swift */,
				74598E1F2204978200B101A2 /* Pizza.swift */,
				74598E21220498A100B101A2 /* PizzaReponsitory.swift */,
				74598DF32204971200B101A2 /* ViewController.swift */,
				74598DF52204971200B101A2 /* Main.storyboard */,
				74598DF82204971200B101A2 /* Assets.xcassets */,
				74598DFA2204971200B101A2 /* LaunchScreen.storyboard */,
				74598DFD2204971200B101A2 /* Info.plist */,
			);
			path = PizzaRealmSpike;
			sourceTree = "<group>";
		};
		74598E052204971300B101A2 /* PizzaRealmSpikeTests */ = {
			isa = PBXGroup;
			children = (
				74598E062204971300B101A2 /* PizzaRealmSpikeTests.swift */,
				74598E082204971300B101A2 /* Info.plist */,
			);
			path = PizzaRealmSpikeTests;
			sourceTree = "<group>";
		};
		74598E102204971300B101A2 /* PizzaRealmSpikeUITests */ = {
			isa = PBXGroup;
			children = (
				74598E112204971300B101A2 /* PizzaRealmSpikeUITests.swift */,
				74598E132204971300B101A2 /* Info.plist */,
			);
			path = PizzaRealmSpikeUITests;
			sourceTree = "<group>";
		};
		978F225FBCAA8F17CC0FAD69 /* Frameworks */ = {
			isa = PBXGroup;
			children = (
				9CC0EDFD85F47856B61B5BEF /* Pods_PizzaRealmSpike.framework */,
				813BDDBA4C678B33EA829E81 /* Pods_PizzaRealmSpikeTests.framework */,
				E1C8A55FBF5723F122CFF4F9 /* Pods_PizzaRealmSpikeUITests.framework */,
			);
			name = Frameworks;
			sourceTree = "<group>";
		};
/* End PBXGroup section */

/* Begin PBXNativeTarget section */
		74598DED2204971200B101A2 /* PizzaRealmSpike */ = {
			isa = PBXNativeTarget;
			buildConfigurationList = 74598E162204971300B101A2 /* Build configuration list for PBXNativeTarget "PizzaRealmSpike" */;
			buildPhases = (
				6A0CC588BD5B64E3304C4E49 /* [CP] Check Pods Manifest.lock */,
				74598DEA2204971200B101A2 /* Sources */,
				74598DEB2204971200B101A2 /* Frameworks */,
				74598DEC2204971200B101A2 /* Resources */,
				07A28E6EF8598F334A4CF776 /* [CP] Embed Pods Frameworks */,
			);
			buildRules = (
			);
			dependencies = (
			);
			name = PizzaRealmSpike;
			productName = PizzaRealmSpike;
			productReference = 74598DEE2204971200B101A2 /* PizzaRealmSpike.app */;
			productType = "com.apple.product-type.application";
		};
		74598E012204971300B101A2 /* PizzaRealmSpikeTests */ = {
			isa = PBXNativeTarget;
			buildConfigurationList = 74598E192204971300B101A2 /* Build configuration list for PBXNativeTarget "PizzaRealmSpikeTests" */;
			buildPhases = (
				DEBD4CD20A6BEACD593C32F5 /* [CP] Check Pods Manifest.lock */,
				74598DFE2204971300B101A2 /* Sources */,
				74598DFF2204971300B101A2 /* Frameworks */,
				74598E002204971300B101A2 /* Resources */,
			);
			buildRules = (
			);
			dependencies = (
				74598E042204971300B101A2 /* PBXTargetDependency */,
			);
			name = PizzaRealmSpikeTests;
			productName = PizzaRealmSpikeTests;
			productReference = 74598E022204971300B101A2 /* PizzaRealmSpikeTests.xctest */;
			productType = "com.apple.product-type.bundle.unit-test";
		};
		74598E0C2204971300B101A2 /* PizzaRealmSpikeUITests */ = {
			isa = PBXNativeTarget;
			buildConfigurationList = 74598E1C2204971300B101A2 /* Build configuration list for PBXNativeTarget "PizzaRealmSpikeUITests" */;
			buildPhases = (
				4C960967886EA4DEFA90D71A /* [CP] Check Pods Manifest.lock */,
				74598E092204971300B101A2 /* Sources */,
				74598E0A2204971300B101A2 /* Frameworks */,
				74598E0B2204971300B101A2 /* Resources */,
			);
			buildRules = (
			);
			dependencies = (
				74598E0F2204971300B101A2 /* PBXTargetDependency */,
			);
			name = PizzaRealmSpikeUITests;
			productName = PizzaRealmSpikeUITests;
			productReference = 74598E0D2204971300B101A2 /* PizzaRealmSpikeUITests.xctest */;
			productType = "com.apple.product-type.bundle.ui-testing";
		};
/* End PBXNativeTarget section */

/* Begin PBXProject section */
		74598DE62204971200B101A2 /* Project object */ = {
			isa = PBXProject;
			attributes = {
				LastSwiftUpdateCheck = 1010;
				LastUpgradeCheck = 1010;
				ORGANIZATIONNAME = PillarTechnology;
				TargetAttributes = {
					74598DED2204971200B101A2 = {
						CreatedOnToolsVersion = 10.1;
					};
					74598E012204971300B101A2 = {
						CreatedOnToolsVersion = 10.1;
						TestTargetID = 74598DED2204971200B101A2;
					};
					74598E0C2204971300B101A2 = {
						CreatedOnToolsVersion = 10.1;
						TestTargetID = 74598DED2204971200B101A2;
					};
				};
			};
			buildConfigurationList = 74598DE92204971200B101A2 /* Build configuration list for PBXProject "PizzaRealmSpike" */;
			compatibilityVersion = "Xcode 9.3";
			developmentRegion = en;
			hasScannedForEncodings = 0;
			knownRegions = (
				en,
				Base,
			);
			mainGroup = 74598DE52204971200B101A2;
			productRefGroup = 74598DEF2204971200B101A2 /* Products */;
			projectDirPath = "";
			projectRoot = "";
			targets = (
				74598DED2204971200B101A2 /* PizzaRealmSpike */,
				74598E012204971300B101A2 /* PizzaRealmSpikeTests */,
				74598E0C2204971300B101A2 /* PizzaRealmSpikeUITests */,
			);
		};
/* End PBXProject section */

/* Begin PBXResourcesBuildPhase section */
		74598DEC2204971200B101A2 /* Resources */ = {
			isa = PBXResourcesBuildPhase;
			buildActionMask = 2147483647;
			files = (
				74598DFC2204971200B101A2 /* LaunchScreen.storyboard in Resources */,
				74598DF92204971200B101A2 /* Assets.xcassets in Resources */,
				74598DF72204971200B101A2 /* Main.storyboard in Resources */,
			);
			runOnlyForDeploymentPostprocessing = 0;
		};
		74598E002204971300B101A2 /* Resources */ = {
			isa = PBXResourcesBuildPhase;
			buildActionMask = 2147483647;
			files = (
			);
			runOnlyForDeploymentPostprocessing = 0;
		};
		74598E0B2204971300B101A2 /* Resources */ = {
			isa = PBXResourcesBuildPhase;
			buildActionMask = 2147483647;
			files = (
			);
			runOnlyForDeploymentPostprocessing = 0;
		};
/* End PBXResourcesBuildPhase section */

/* Begin PBXShellScriptBuildPhase section */
		07A28E6EF8598F334A4CF776 /* [CP] Embed Pods Frameworks */ = {
			isa = PBXShellScriptBuildPhase;
			buildActionMask = 2147483647;
			files = (
			);
			inputFileListPaths = (
			);
			inputPaths = (
				"${SRCROOT}/Pods/Target Support Files/Pods-PizzaRealmSpike/Pods-PizzaRealmSpike-frameworks.sh",
				"${BUILT_PRODUCTS_DIR}/Realm/Realm.framework",
				"${BUILT_PRODUCTS_DIR}/RealmSwift/RealmSwift.framework",
			);
			name = "[CP] Embed Pods Frameworks";
			outputFileListPaths = (
			);
			outputPaths = (
				"${TARGET_BUILD_DIR}/${FRAMEWORKS_FOLDER_PATH}/Realm.framework",
				"${TARGET_BUILD_DIR}/${FRAMEWORKS_FOLDER_PATH}/RealmSwift.framework",
			);
			runOnlyForDeploymentPostprocessing = 0;
			shellPath = /bin/sh;
			shellScript = "\"${SRCROOT}/Pods/Target Support Files/Pods-PizzaRealmSpike/Pods-PizzaRealmSpike-frameworks.sh\"\n";
			showEnvVarsInLog = 0;
		};
		4C960967886EA4DEFA90D71A /* [CP] Check Pods Manifest.lock */ = {
			isa = PBXShellScriptBuildPhase;
			buildActionMask = 2147483647;
			files = (
			);
			inputFileListPaths = (
			);
			inputPaths = (
				"${PODS_PODFILE_DIR_PATH}/Podfile.lock",
				"${PODS_ROOT}/Manifest.lock",
			);
			name = "[CP] Check Pods Manifest.lock";
			outputFileListPaths = (
			);
			outputPaths = (
				"$(DERIVED_FILE_DIR)/Pods-PizzaRealmSpikeUITests-checkManifestLockResult.txt",
			);
			runOnlyForDeploymentPostprocessing = 0;
			shellPath = /bin/sh;
			shellScript = "diff \"${PODS_PODFILE_DIR_PATH}/Podfile.lock\" \"${PODS_ROOT}/Manifest.lock\" > /dev/null\nif [ $? != 0 ] ; then\n    # print error to STDERR\n    echo \"error: The sandbox is not in sync with the Podfile.lock. Run 'pod install' or update your CocoaPods installation.\" >&2\n    exit 1\nfi\n# This output is used by Xcode 'outputs' to avoid re-running this script phase.\necho \"SUCCESS\" > \"${SCRIPT_OUTPUT_FILE_0}\"\n";
			showEnvVarsInLog = 0;
		};
		6A0CC588BD5B64E3304C4E49 /* [CP] Check Pods Manifest.lock */ = {
			isa = PBXShellScriptBuildPhase;
			buildActionMask = 2147483647;
			files = (
			);
			inputFileListPaths = (
			);
			inputPaths = (
				"${PODS_PODFILE_DIR_PATH}/Podfile.lock",
				"${PODS_ROOT}/Manifest.lock",
			);
			name = "[CP] Check Pods Manifest.lock";
			outputFileListPaths = (
			);
			outputPaths = (
				"$(DERIVED_FILE_DIR)/Pods-PizzaRealmSpike-checkManifestLockResult.txt",
			);
			runOnlyForDeploymentPostprocessing = 0;
			shellPath = /bin/sh;
			shellScript = "diff \"${PODS_PODFILE_DIR_PATH}/Podfile.lock\" \"${PODS_ROOT}/Manifest.lock\" > /dev/null\nif [ $? != 0 ] ; then\n    # print error to STDERR\n    echo \"error: The sandbox is not in sync with the Podfile.lock. Run 'pod install' or update your CocoaPods installation.\" >&2\n    exit 1\nfi\n# This output is used by Xcode 'outputs' to avoid re-running this script phase.\necho \"SUCCESS\" > \"${SCRIPT_OUTPUT_FILE_0}\"\n";
			showEnvVarsInLog = 0;
		};
		DEBD4CD20A6BEACD593C32F5 /* [CP] Check Pods Manifest.lock */ = {
			isa = PBXShellScriptBuildPhase;
			buildActionMask = 2147483647;
			files = (
			);
			inputFileListPaths = (
			);
			inputPaths = (
				"${PODS_PODFILE_DIR_PATH}/Podfile.lock",
				"${PODS_ROOT}/Manifest.lock",
			);
			name = "[CP] Check Pods Manifest.lock";
			outputFileListPaths = (
			);
			outputPaths = (
				"$(DERIVED_FILE_DIR)/Pods-PizzaRealmSpikeTests-checkManifestLockResult.txt",
			);
			runOnlyForDeploymentPostprocessing = 0;
			shellPath = /bin/sh;
			shellScript = "diff \"${PODS_PODFILE_DIR_PATH}/Podfile.lock\" \"${PODS_ROOT}/Manifest.lock\" > /dev/null\nif [ $? != 0 ] ; then\n    # print error to STDERR\n    echo \"error: The sandbox is not in sync with the Podfile.lock. Run 'pod install' or update your CocoaPods installation.\" >&2\n    exit 1\nfi\n# This output is used by Xcode 'outputs' to avoid re-running this script phase.\necho \"SUCCESS\" > \"${SCRIPT_OUTPUT_FILE_0}\"\n";
			showEnvVarsInLog = 0;
		};
/* End PBXShellScriptBuildPhase section */

/* Begin PBXSourcesBuildPhase section */
		74598DEA2204971200B101A2 /* Sources */ = {
			isa = PBXSourcesBuildPhase;
			buildActionMask = 2147483647;
			files = (
				74598DF42204971200B101A2 /* ViewController.swift in Sources */,
				74598DF22204971200B101A2 /* AppDelegate.swift in Sources */,
				74598E22220498A100B101A2 /* PizzaReponsitory.swift in Sources */,
				74598E202204978200B101A2 /* Pizza.swift in Sources */,
			);
			runOnlyForDeploymentPostprocessing = 0;
		};
		74598DFE2204971300B101A2 /* Sources */ = {
			isa = PBXSourcesBuildPhase;
			buildActionMask = 2147483647;
			files = (
				74598E072204971300B101A2 /* PizzaRealmSpikeTests.swift in Sources */,
			);
			runOnlyForDeploymentPostprocessing = 0;
		};
		74598E092204971300B101A2 /* Sources */ = {
			isa = PBXSourcesBuildPhase;
			buildActionMask = 2147483647;
			files = (
				74598E122204971300B101A2 /* PizzaRealmSpikeUITests.swift in Sources */,
			);
			runOnlyForDeploymentPostprocessing = 0;
		};
/* End PBXSourcesBuildPhase section */

/* Begin PBXTargetDependency section */
		74598E042204971300B101A2 /* PBXTargetDependency */ = {
			isa = PBXTargetDependency;
			target = 74598DED2204971200B101A2 /* PizzaRealmSpike */;
			targetProxy = 74598E032204971300B101A2 /* PBXContainerItemProxy */;
		};
		74598E0F2204971300B101A2 /* PBXTargetDependency */ = {
			isa = PBXTargetDependency;
			target = 74598DED2204971200B101A2 /* PizzaRealmSpike */;
			targetProxy = 74598E0E2204971300B101A2 /* PBXContainerItemProxy */;
		};
/* End PBXTargetDependency section */

/* Begin PBXVariantGroup section */
		74598DF52204971200B101A2 /* Main.storyboard */ = {
			isa = PBXVariantGroup;
			children = (
				74598DF62204971200B101A2 /* Base */,
			);
			name = Main.storyboard;
			sourceTree = "<group>";
		};
		74598DFA2204971200B101A2 /* LaunchScreen.storyboard */ = {
			isa = PBXVariantGroup;
			children = (
				74598DFB2204971200B101A2 /* Base */,
			);
			name = LaunchScreen.storyboard;
			sourceTree = "<group>";
		};
/* End PBXVariantGroup section */

/* Begin XCBuildConfiguration section */
		74598E142204971300B101A2 /* Debug */ = {
			isa = XCBuildConfiguration;
			buildSettings = {
				ALWAYS_SEARCH_USER_PATHS = NO;
				CLANG_ANALYZER_NONNULL = YES;
				CLANG_ANALYZER_NUMBER_OBJECT_CONVERSION = YES_AGGRESSIVE;
				CLANG_CXX_LANGUAGE_STANDARD = "gnu++14";
				CLANG_CXX_LIBRARY = "libc++";
				CLANG_ENABLE_MODULES = YES;
				CLANG_ENABLE_OBJC_ARC = YES;
				CLANG_ENABLE_OBJC_WEAK = YES;
				CLANG_WARN_BLOCK_CAPTURE_AUTORELEASING = YES;
				CLANG_WARN_BOOL_CONVERSION = YES;
				CLANG_WARN_COMMA = YES;
				CLANG_WARN_CONSTANT_CONVERSION = YES;
				CLANG_WARN_DEPRECATED_OBJC_IMPLEMENTATIONS = YES;
				CLANG_WARN_DIRECT_OBJC_ISA_USAGE = YES_ERROR;
				CLANG_WARN_DOCUMENTATION_COMMENTS = YES;
				CLANG_WARN_EMPTY_BODY = YES;
				CLANG_WARN_ENUM_CONVERSION = YES;
				CLANG_WARN_INFINITE_RECURSION = YES;
				CLANG_WARN_INT_CONVERSION = YES;
				CLANG_WARN_NON_LITERAL_NULL_CONVERSION = YES;
				CLANG_WARN_OBJC_IMPLICIT_RETAIN_SELF = YES;
				CLANG_WARN_OBJC_LITERAL_CONVERSION = YES;
				CLANG_WARN_OBJC_ROOT_CLASS = YES_ERROR;
				CLANG_WARN_RANGE_LOOP_ANALYSIS = YES;
				CLANG_WARN_STRICT_PROTOTYPES = YES;
				CLANG_WARN_SUSPICIOUS_MOVE = YES;
				CLANG_WARN_UNGUARDED_AVAILABILITY = YES_AGGRESSIVE;
				CLANG_WARN_UNREACHABLE_CODE = YES;
				CLANG_WARN__DUPLICATE_METHOD_MATCH = YES;
				CODE_SIGN_IDENTITY = "iPhone Developer";
				COPY_PHASE_STRIP = NO;
				DEBUG_INFORMATION_FORMAT = dwarf;
				ENABLE_STRICT_OBJC_MSGSEND = YES;
				ENABLE_TESTABILITY = YES;
				GCC_C_LANGUAGE_STANDARD = gnu11;
				GCC_DYNAMIC_NO_PIC = NO;
				GCC_NO_COMMON_BLOCKS = YES;
				GCC_OPTIMIZATION_LEVEL = 0;
				GCC_PREPROCESSOR_DEFINITIONS = (
					"DEBUG=1",
					"$(inherited)",
				);
				GCC_WARN_64_TO_32_BIT_CONVERSION = YES;
				GCC_WARN_ABOUT_RETURN_TYPE = YES_ERROR;
				GCC_WARN_UNDECLARED_SELECTOR = YES;
				GCC_WARN_UNINITIALIZED_AUTOS = YES_AGGRESSIVE;
				GCC_WARN_UNUSED_FUNCTION = YES;
				GCC_WARN_UNUSED_VARIABLE = YES;
				IPHONEOS_DEPLOYMENT_TARGET = 12.1;
				MTL_ENABLE_DEBUG_INFO = INCLUDE_SOURCE;
				MTL_FAST_MATH = YES;
				ONLY_ACTIVE_ARCH = YES;
				SDKROOT = iphoneos;
				SWIFT_ACTIVE_COMPILATION_CONDITIONS = DEBUG;
				SWIFT_OPTIMIZATION_LEVEL = "-Onone";
			};
			name = Debug;
		};
		74598E152204971300B101A2 /* Release */ = {
			isa = XCBuildConfiguration;
			buildSettings = {
				ALWAYS_SEARCH_USER_PATHS = NO;
				CLANG_ANALYZER_NONNULL = YES;
				CLANG_ANALYZER_NUMBER_OBJECT_CONVERSION = YES_AGGRESSIVE;
				CLANG_CXX_LANGUAGE_STANDARD = "gnu++14";
				CLANG_CXX_LIBRARY = "libc++";
				CLANG_ENABLE_MODULES = YES;
				CLANG_ENABLE_OBJC_ARC = YES;
				CLANG_ENABLE_OBJC_WEAK = YES;
				CLANG_WARN_BLOCK_CAPTURE_AUTORELEASING = YES;
				CLANG_WARN_BOOL_CONVERSION = YES;
				CLANG_WARN_COMMA = YES;
				CLANG_WARN_CONSTANT_CONVERSION = YES;
				CLANG_WARN_DEPRECATED_OBJC_IMPLEMENTATIONS = YES;
				CLANG_WARN_DIRECT_OBJC_ISA_USAGE = YES_ERROR;
				CLANG_WARN_DOCUMENTATION_COMMENTS = YES;
				CLANG_WARN_EMPTY_BODY = YES;
				CLANG_WARN_ENUM_CONVERSION = YES;
				CLANG_WARN_INFINITE_RECURSION = YES;
				CLANG_WARN_INT_CONVERSION = YES;
				CLANG_WARN_NON_LITERAL_NULL_CONVERSION = YES;
				CLANG_WARN_OBJC_IMPLICIT_RETAIN_SELF = YES;
				CLANG_WARN_OBJC_LITERAL_CONVERSION = YES;
				CLANG_WARN_OBJC_ROOT_CLASS = YES_ERROR;
				CLANG_WARN_RANGE_LOOP_ANALYSIS = YES;
				CLANG_WARN_STRICT_PROTOTYPES = YES;
				CLANG_WARN_SUSPICIOUS_MOVE = YES;
				CLANG_WARN_UNGUARDED_AVAILABILITY = YES_AGGRESSIVE;
				CLANG_WARN_UNREACHABLE_CODE = YES;
				CLANG_WARN__DUPLICATE_METHOD_MATCH = YES;
				CODE_SIGN_IDENTITY = "iPhone Developer";
				COPY_PHASE_STRIP = NO;
				DEBUG_INFORMATION_FORMAT = "dwarf-with-dsym";
				ENABLE_NS_ASSERTIONS = NO;
				ENABLE_STRICT_OBJC_MSGSEND = YES;
				GCC_C_LANGUAGE_STANDARD = gnu11;
				GCC_NO_COMMON_BLOCKS = YES;
				GCC_WARN_64_TO_32_BIT_CONVERSION = YES;
				GCC_WARN_ABOUT_RETURN_TYPE = YES_ERROR;
				GCC_WARN_UNDECLARED_SELECTOR = YES;
				GCC_WARN_UNINITIALIZED_AUTOS = YES_AGGRESSIVE;
				GCC_WARN_UNUSED_FUNCTION = YES;
				GCC_WARN_UNUSED_VARIABLE = YES;
				IPHONEOS_DEPLOYMENT_TARGET = 12.1;
				MTL_ENABLE_DEBUG_INFO = NO;
				MTL_FAST_MATH = YES;
				SDKROOT = iphoneos;
				SWIFT_COMPILATION_MODE = wholemodule;
				SWIFT_OPTIMIZATION_LEVEL = "-O";
				VALIDATE_PRODUCT = YES;
			};
			name = Release;
		};
		74598E172204971300B101A2 /* Debug */ = {
			isa = XCBuildConfiguration;
			baseConfigurationReference = C4FC971C6CF257B2BD97AD1A /* Pods-PizzaRealmSpike.debug.xcconfig */;
			buildSettings = {
				ASSETCATALOG_COMPILER_APPICON_NAME = AppIcon;
				CODE_SIGN_STYLE = Automatic;
				DEVELOPMENT_TEAM = FBLG66BV63;
				INFOPLIST_FILE = PizzaRealmSpike/Info.plist;
				LD_RUNPATH_SEARCH_PATHS = (
					"$(inherited)",
					"@executable_path/Frameworks",
				);
				PRODUCT_BUNDLE_IDENTIFIER = PillarTechnology.PizzaRealmSpike;
				PRODUCT_NAME = "$(TARGET_NAME)";
				SWIFT_VERSION = 4.2;
				TARGETED_DEVICE_FAMILY = "1,2";
			};
			name = Debug;
		};
		74598E182204971300B101A2 /* Release */ = {
			isa = XCBuildConfiguration;
			baseConfigurationReference = 3FD74B5742B860AA3901BEBB /* Pods-PizzaRealmSpike.release.xcconfig */;
			buildSettings = {
				ASSETCATALOG_COMPILER_APPICON_NAME = AppIcon;
				CODE_SIGN_STYLE = Automatic;
				DEVELOPMENT_TEAM = FBLG66BV63;
				INFOPLIST_FILE = PizzaRealmSpike/Info.plist;
				LD_RUNPATH_SEARCH_PATHS = (
					"$(inherited)",
					"@executable_path/Frameworks",
				);
				PRODUCT_BUNDLE_IDENTIFIER = PillarTechnology.PizzaRealmSpike;
				PRODUCT_NAME = "$(TARGET_NAME)";
				SWIFT_VERSION = 4.2;
				TARGETED_DEVICE_FAMILY = "1,2";
			};
			name = Release;
		};
		74598E1A2204971300B101A2 /* Debug */ = {
			isa = XCBuildConfiguration;
			baseConfigurationReference = 5C184BC5733A1E6C6B6B5AAB /* Pods-PizzaRealmSpikeTests.debug.xcconfig */;
			buildSettings = {
				ALWAYS_EMBED_SWIFT_STANDARD_LIBRARIES = YES;
				BUNDLE_LOADER = "$(TEST_HOST)";
				CODE_SIGN_STYLE = Automatic;
				DEVELOPMENT_TEAM = FBLG66BV63;
				INFOPLIST_FILE = PizzaRealmSpikeTests/Info.plist;
				LD_RUNPATH_SEARCH_PATHS = (
					"$(inherited)",
					"@executable_path/Frameworks",
					"@loader_path/Frameworks",
				);
				PRODUCT_BUNDLE_IDENTIFIER = PillarTechnology.PizzaRealmSpikeTests;
				PRODUCT_NAME = "$(TARGET_NAME)";
				SWIFT_VERSION = 4.2;
				TARGETED_DEVICE_FAMILY = "1,2";
				TEST_HOST = "$(BUILT_PRODUCTS_DIR)/PizzaRealmSpike.app/PizzaRealmSpike";
			};
			name = Debug;
		};
		74598E1B2204971300B101A2 /* Release */ = {
			isa = XCBuildConfiguration;
			baseConfigurationReference = 6CF62F548DD07BFEED12DEC9 /* Pods-PizzaRealmSpikeTests.release.xcconfig */;
			buildSettings = {
				ALWAYS_EMBED_SWIFT_STANDARD_LIBRARIES = YES;
				BUNDLE_LOADER = "$(TEST_HOST)";
				CODE_SIGN_STYLE = Automatic;
				DEVELOPMENT_TEAM = FBLG66BV63;
				INFOPLIST_FILE = PizzaRealmSpikeTests/Info.plist;
				LD_RUNPATH_SEARCH_PATHS = (
					"$(inherited)",
					"@executable_path/Frameworks",
					"@loader_path/Frameworks",
				);
				PRODUCT_BUNDLE_IDENTIFIER = PillarTechnology.PizzaRealmSpikeTests;
				PRODUCT_NAME = "$(TARGET_NAME)";
				SWIFT_VERSION = 4.2;
				TARGETED_DEVICE_FAMILY = "1,2";
				TEST_HOST = "$(BUILT_PRODUCTS_DIR)/PizzaRealmSpike.app/PizzaRealmSpike";
			};
			name = Release;
		};
		74598E1D2204971300B101A2 /* Debug */ = {
			isa = XCBuildConfiguration;
			baseConfigurationReference = F23CEF9E0126859FD0C26A55 /* Pods-PizzaRealmSpikeUITests.debug.xcconfig */;
			buildSettings = {
				ALWAYS_EMBED_SWIFT_STANDARD_LIBRARIES = YES;
				CODE_SIGN_STYLE = Automatic;
				DEVELOPMENT_TEAM = FBLG66BV63;
				INFOPLIST_FILE = PizzaRealmSpikeUITests/Info.plist;
				LD_RUNPATH_SEARCH_PATHS = (
					"$(inherited)",
					"@executable_path/Frameworks",
					"@loader_path/Frameworks",
				);
				PRODUCT_BUNDLE_IDENTIFIER = PillarTechnology.PizzaRealmSpikeUITests;
				PRODUCT_NAME = "$(TARGET_NAME)";
				SWIFT_VERSION = 4.2;
				TARGETED_DEVICE_FAMILY = "1,2";
				TEST_TARGET_NAME = PizzaRealmSpike;
			};
			name = Debug;
		};
		74598E1E2204971300B101A2 /* Release */ = {
			isa = XCBuildConfiguration;
			baseConfigurationReference = 3AB9E59A1F891B2EE7C821D6 /* Pods-PizzaRealmSpikeUITests.release.xcconfig */;
			buildSettings = {
				ALWAYS_EMBED_SWIFT_STANDARD_LIBRARIES = YES;
				CODE_SIGN_STYLE = Automatic;
				DEVELOPMENT_TEAM = FBLG66BV63;
				INFOPLIST_FILE = PizzaRealmSpikeUITests/Info.plist;
				LD_RUNPATH_SEARCH_PATHS = (
					"$(inherited)",
					"@executable_path/Frameworks",
					"@loader_path/Frameworks",
				);
				PRODUCT_BUNDLE_IDENTIFIER = PillarTechnology.PizzaRealmSpikeUITests;
				PRODUCT_NAME = "$(TARGET_NAME)";
				SWIFT_VERSION = 4.2;
				TARGETED_DEVICE_FAMILY = "1,2";
				TEST_TARGET_NAME = PizzaRealmSpike;
			};
			name = Release;
		};
/* End XCBuildConfiguration section */

/* Begin XCConfigurationList section */
		74598DE92204971200B101A2 /* Build configuration list for PBXProject "PizzaRealmSpike" */ = {
			isa = XCConfigurationList;
			buildConfigurations = (
				74598E142204971300B101A2 /* Debug */,
				74598E152204971300B101A2 /* Release */,
			);
			defaultConfigurationIsVisible = 0;
			defaultConfigurationName = Release;
		};
		74598E162204971300B101A2 /* Build configuration list for PBXNativeTarget "PizzaRealmSpike" */ = {
			isa = XCConfigurationList;
			buildConfigurations = (
				74598E172204971300B101A2 /* Debug */,
				74598E182204971300B101A2 /* Release */,
			);
			defaultConfigurationIsVisible = 0;
			defaultConfigurationName = Release;
		};
		74598E192204971300B101A2 /* Build configuration list for PBXNativeTarget "PizzaRealmSpikeTests" */ = {
			isa = XCConfigurationList;
			buildConfigurations = (
				74598E1A2204971300B101A2 /* Debug */,
				74598E1B2204971300B101A2 /* Release */,
			);
			defaultConfigurationIsVisible = 0;
			defaultConfigurationName = Release;
		};
		74598E1C2204971300B101A2 /* Build configuration list for PBXNativeTarget "PizzaRealmSpikeUITests" */ = {
			isa = XCConfigurationList;
			buildConfigurations = (
				74598E1D2204971300B101A2 /* Debug */,
				74598E1E2204971300B101A2 /* Release */,
			);
			defaultConfigurationIsVisible = 0;
			defaultConfigurationName = Release;
		};
/* End XCConfigurationList section */
	};
	rootObject = 74598DE62204971200B101A2 /* Project object */;
}
